
Microsoft Visual Studio Solution File, Format Version 12.00
# Visual Studio Version 17
VisualStudioVersion = 17.8.34330.188
MinimumVisualStudioVersion = 10.0.40219.1
Project("{FAE04EC0-301F-11D3-BF4B-00C04F79EFBC}") = "Operation", "Operation.csproj", "{60B23225-CD75-4C97-BF1A-29E9964942E2}"
EndProject
Global
	GlobalSection(SolutionConfigurationPlatforms) = preSolution
		Debug|Any CPU = Debug|Any CPU
		Release|Any CPU = Release|Any CPU
	EndGlobalSection
	GlobalSection(ProjectConfigurationPlatforms) = postSolution
		{60B23225-CD75-4C97-BF1A-29E9964942E2}.Debug|Any CPU.ActiveCfg = Debug|Any CPU
		{60B23225-CD75-4C97-BF1A-29E9964942E2}.Debug|Any CPU.Build.0 = Debug|Any CPU
		{60B23225-CD75-4C97-BF1A-29E9964942E2}.Release|Any CPU.ActiveCfg = Release|Any CPU
		{60B23225-CD75-4C97-BF1A-29E9964942E2}.Release|Any CPU.Build.0 = Release|Any CPU
	EndGlobalSection
	GlobalSection(SolutionProperties) = preSolution
		HideSolutionNode = FALSE
	EndGlobalSection
	GlobalSection(ExtensibilityGlobals) = postSolution
		SolutionGuid = {C660F7B8-2AD0-49B9-9643-BDD38F986B96}
	EndGlobalSection
EndGlobal
