
Microsoft Visual Studio Solution File, Format Version 12.00
# Visual Studio Version 17
VisualStudioVersion = 17.8.34330.188
MinimumVisualStudioVersion = 10.0.40219.1
Project("{FAE04EC0-301F-11D3-BF4B-00C04F79EFBC}") = "HTTM4_ConvertIntToBit", "HTTM4_ConvertIntToBit.csproj", "{7999A5A3-B7A2-41F0-9FCF-3978E53EABB6}"
EndProject
Global
	GlobalSection(SolutionConfigurationPlatforms) = preSolution
		Debug|Any CPU = Debug|Any CPU
		Release|Any CPU = Release|Any CPU
	EndGlobalSection
	GlobalSection(ProjectConfigurationPlatforms) = postSolution
		{7999A5A3-B7A2-41F0-9FCF-3978E53EABB6}.Debug|Any CPU.ActiveCfg = Debug|Any CPU
		{7999A5A3-B7A2-41F0-9FCF-3978E53EABB6}.Debug|Any CPU.Build.0 = Debug|Any CPU
		{7999A5A3-B7A2-41F0-9FCF-3978E53EABB6}.Release|Any CPU.ActiveCfg = Release|Any CPU
		{7999A5A3-B7A2-41F0-9FCF-3978E53EABB6}.Release|Any CPU.Build.0 = Release|Any CPU
	EndGlobalSection
	GlobalSection(SolutionProperties) = preSolution
		HideSolutionNode = FALSE
	EndGlobalSection
	GlobalSection(ExtensibilityGlobals) = postSolution
		SolutionGuid = {8F8AAFD2-1A4C-4FF1-BE13-C07B8934C4D3}
	EndGlobalSection
EndGlobal
